
Microsoft Visual Studio Solution File, Format Version 12.00
# Visual Studio 15
VisualStudioVersion = 15.0.28010.2050
MinimumVisualStudioVersion = 10.0.40219.1
Project("{8BC9CEB8-8B4A-11D0-8D11-00A0C91BC942}") = "Graphics Proj", "Graphics Proj\Graphics Proj.vcxproj", "{BADE7882-6F96-4AF2-93E1-AA81452C650B}"
EndProject
Global
	GlobalSection(SolutionConfigurationPlatforms) = preSolution
		Debug|x64 = Debug|x64
		Debug|x86 = Debug|x86
		Release|x64 = Release|x64
		Release|x86 = Release|x86
	EndGlobalSection
	GlobalSection(ProjectConfigurationPlatforms) = postSolution
		{BADE7882-6F96-4AF2-93E1-AA81452C650B}.Debug|x64.ActiveCfg = Debug|x64
		{BADE7882-6F96-4AF2-93E1-AA81452C650B}.Debug|x64.Build.0 = Debug|x64
		{BADE7882-6F96-4AF2-93E1-AA81452C650B}.Debug|x86.ActiveCfg = Debug|Win32
		{BADE7882-6F96-4AF2-93E1-AA81452C650B}.Debug|x86.Build.0 = Debug|Win32
		{BADE7882-6F96-4AF2-93E1-AA81452C650B}.Release|x64.ActiveCfg = Release|x64
		{BADE7882-6F96-4AF2-93E1-AA81452C650B}.Release|x64.Build.0 = Release|x64
		{BADE7882-6F96-4AF2-93E1-AA81452C650B}.Release|x86.ActiveCfg = Release|Win32
		{BADE7882-6F96-4AF2-93E1-AA81452C650B}.Release|x86.Build.0 = Release|Win32
	EndGlobalSection
	GlobalSection(SolutionProperties) = preSolution
		HideSolutionNode = FALSE
	EndGlobalSection
	GlobalSection(ExtensibilityGlobals) = postSolution
		SolutionGuid = {25E3F0B6-C84D-4837-BFA2-C6F8632956AE}
	EndGlobalSection
EndGlobal
